hash: 8fb64a71c5e4c865c20cccdf4d51c949db76d6f1a3c44cac265a6f861be96f06
updated: 2018-11-20T20:59:13.174795-08:00
imports:
- name: github.com/aws/aws-sdk-go
  version: 57d992f58b7e092da10921050426717f7944bd42
  subpackages:
  - aws
  - aws/awserr
  - aws/awsutil
  - aws/client
  - aws/client/metadata
  - aws/corehandlers
  - aws/credentials
  - aws/credentials/ec2rolecreds
  - aws/credentials/endpointcreds
  - aws/credentials/stscreds
  - aws/crr
  - aws/csm
  - aws/defaults
  - aws/ec2metadata
  - aws/endpoints
  - aws/request
  - aws/session
  - aws/signer/v4
  - internal/ini
  - internal/sdkio
  - internal/sdkrand
  - internal/sdkuri
  - internal/shareddefaults
  - private/protocol
  - private/protocol/json/jsonutil
  - private/protocol/jsonrpc
  - private/protocol/query
  - private/protocol/query/queryutil
  - private/protocol/rest
  - private/protocol/xml/xmlutil
  - service/dynamodb
  - service/dynamodb/dynamodbattribute
  - service/sts
- name: github.com/go-kit/kit
  version: 12210fb6ace19e0496167bb3e667dcd91fa9f69b
  subpackages:
  - endpoint
  - log
  - transport/http
- name: github.com/go-logfmt/logfmt
  version: d4327190ff838312623b09bfeb50d7c93c8d9c1d
- name: github.com/gorilla/context
  version: 08b5f424b9271eedf6f9f0ce86cb9396ed337a42
- name: github.com/gorilla/mux
  version: e3702bed27f0d39777b0b37b664b6280e8ef8fbf
- name: github.com/jmespath/go-jmespath
  version: bd40a432e4c76585ef6b72d3fd96fb9b6dc7b68d
- name: github.com/kr/logfmt
  version: b84e30acd515aadc4b783ad4ff83aff3299bdfe0
- name: golang.org/x/crypto
  version: b2fa06b6af4b7c9bfeb8569ab7b17f04550717bf
  subpackages:
  - bcrypt
  - blowfish
- name: golang.org/x/net
  version: 3fe3024eef808ba2798cc1855690f49e2b860573
  subpackages:
  - context
testImports: []
